Microsoft Visual Studio Solution File, Format Version 12.00
# Visual Studio Version 17
VisualStudioVersion = 17.5.2.0
MinimumVisualStudioVersion = 10.0.40219.1
Project("{FAE04EC0-301F-11D3-BF4B-00C04F79EFBC}") = "f z", "f z.csproj", "{2C4EF861-5298-9972-FAD3-E81AD554AB0D}"
EndProject
Global
	GlobalSection(SolutionConfigurationPlatforms) = preSolution
		Debug|Any CPU = Debug|Any CPU
		Release|Any CPU = Release|Any CPU
	EndGlobalSection
	GlobalSection(ProjectConfigurationPlatforms) = postSolution
		{2C4EF861-5298-9972-FAD3-E81AD554AB0D}.Debug|Any CPU.ActiveCfg = Debug|Any CPU
		{2C4EF861-5298-9972-FAD3-E81AD554AB0D}.Debug|Any CPU.Build.0 = Debug|Any CPU
		{2C4EF861-5298-9972-FAD3-E81AD554AB0D}.Release|Any CPU.ActiveCfg = Release|Any CPU
		{2C4EF861-5298-9972-FAD3-E81AD554AB0D}.Release|Any CPU.Build.0 = Release|Any CPU
	EndGlobalSection
	GlobalSection(SolutionProperties) = preSolution
		HideSolutionNode = FALSE
	EndGlobalSection
	GlobalSection(ExtensibilityGlobals) = postSolution
		SolutionGuid = {2AE864D3-2DA0-4797-9976-58DA5144843C}
	EndGlobalSection
EndGlobal
